
Microsoft Visual Studio Solution File, Format Version 12.00
# Visual Studio Version 17
VisualStudioVersion = 17.10.35013.160
MinimumVisualStudioVersion = 10.0.40219.1
Project("{FAE04EC0-301F-11D3-BF4B-00C04F79EFBC}") = "LeafletTest", "LeafletTest\LeafletTest.csproj", "{32E59E32-DC89-43F7-96BC-A657CE6C905C}"
EndProject
Global
	GlobalSection(SolutionConfigurationPlatforms) = preSolution
		Debug|Any CPU = Debug|Any CPU
		Release|Any CPU = Release|Any CPU
	EndGlobalSection
	GlobalSection(ProjectConfigurationPlatforms) = postSolution
		{32E59E32-DC89-43F7-96BC-A657CE6C905C}.Debug|Any CPU.ActiveCfg = Debug|Any CPU
		{32E59E32-DC89-43F7-96BC-A657CE6C905C}.Debug|Any CPU.Build.0 = Debug|Any CPU
		{32E59E32-DC89-43F7-96BC-A657CE6C905C}.Release|Any CPU.ActiveCfg = Release|Any CPU
		{32E59E32-DC89-43F7-96BC-A657CE6C905C}.Release|Any CPU.Build.0 = Release|Any CPU
	EndGlobalSection
	GlobalSection(SolutionProperties) = preSolution
		HideSolutionNode = FALSE
	EndGlobalSection
	GlobalSection(ExtensibilityGlobals) = postSolution
		SolutionGuid = {573AF840-0AFC-4263-A73C-AA7EDF8D4201}
	EndGlobalSection
EndGlobal
